
Microsoft Visual Studio Solution File, Format Version 12.00
# Visual Studio Version 16
VisualStudioVersion = 16.0.32002.261
MinimumVisualStudioVersion = 10.0.40219.1
Project("{888888A0-9F3D-457C-B088-3A5042F75D52}") = "handler", "handler.pyproj", "{070E287C-6A9E-4460-A3E2-F85F3722A500}"
EndProject
Global
	GlobalSection(SolutionConfigurationPlatforms) = preSolution
		Debug|Any CPU = Debug|Any CPU
		Release|Any CPU = Release|Any CPU
	EndGlobalSection
	GlobalSection(ProjectConfigurationPlatforms) = postSolution
		{070E287C-6A9E-4460-A3E2-F85F3722A500}.Debug|Any CPU.ActiveCfg = Debug|Any CPU
		{070E287C-6A9E-4460-A3E2-F85F3722A500}.Release|Any CPU.ActiveCfg = Release|Any CPU
	EndGlobalSection
	GlobalSection(SolutionProperties) = preSolution
		HideSolutionNode = FALSE
	EndGlobalSection
	GlobalSection(ExtensibilityGlobals) = postSolution
		SolutionGuid = {7FDA4C20-A9A6-4B37-B823-FF6B62E344E8}
	EndGlobalSection
EndGlobal
